
Microsoft Visual Studio Solution File, Format Version 12.00
# Visual Studio Version 17
VisualStudioVersion = 17.0.31903.59
MinimumVisualStudioVersion = 10.0.40219.1
Project("{FAE04EC0-301F-11D3-BF4B-00C04F79EFBC}") = "task03", "task03\task03.csproj", "{D34176C9-D235-4614-8F1B-F99EBC382AF9}"
EndProject
Project("{FAE04EC0-301F-11D3-BF4B-00C04F79EFBC}") = "task03tests", "task03tests\task03tests.csproj", "{B45A8B8E-B43C-4F90-A2D9-3F7DF7E644D4}"
EndProject
Global
	GlobalSection(SolutionConfigurationPlatforms) = preSolution
		Debug|Any CPU = Debug|Any CPU
		Release|Any CPU = Release|Any CPU
	EndGlobalSection
	GlobalSection(SolutionProperties) = preSolution
		HideSolutionNode = FALSE
	EndGlobalSection
	GlobalSection(ProjectConfigurationPlatforms) = postSolution
		{D34176C9-D235-4614-8F1B-F99EBC382AF9}.Debug|Any CPU.ActiveCfg = Debug|Any CPU
		{D34176C9-D235-4614-8F1B-F99EBC382AF9}.Debug|Any CPU.Build.0 = Debug|Any CPU
		{D34176C9-D235-4614-8F1B-F99EBC382AF9}.Release|Any CPU.ActiveCfg = Release|Any CPU
		{D34176C9-D235-4614-8F1B-F99EBC382AF9}.Release|Any CPU.Build.0 = Release|Any CPU
		{B45A8B8E-B43C-4F90-A2D9-3F7DF7E644D4}.Debug|Any CPU.ActiveCfg = Debug|Any CPU
		{B45A8B8E-B43C-4F90-A2D9-3F7DF7E644D4}.Debug|Any CPU.Build.0 = Debug|Any CPU
		{B45A8B8E-B43C-4F90-A2D9-3F7DF7E644D4}.Release|Any CPU.ActiveCfg = Release|Any CPU
		{B45A8B8E-B43C-4F90-A2D9-3F7DF7E644D4}.Release|Any CPU.Build.0 = Release|Any CPU
	EndGlobalSection
EndGlobal
